
Microsoft Visual Studio Solution File, Format Version 10.00
# Visual Studio 2008
Project("{8BC9CEB8-8B4A-11D0-8D11-00A0C91BC942}") = "ODBC_CPP_TEST", "ODBC_CPP_TEST\ODBC_CPP_TEST.vcproj", "{143D0D34-1B2A-4441-B25F-AEE5DEC3C000}"
EndProject
Project("{8BC9CEB8-8B4A-11D0-8D11-00A0C91BC942}") = "Call_BatchFile", "Call_BatchFile\Call_BatchFile.vcproj", "{39BFD0E6-4781-469F-BD0C-D7E37E683389}"
EndProject
Project("{8BC9CEB8-8B4A-11D0-8D11-00A0C91BC942}") = "GetData_Clipboard", "GetData_Clipboard\GetData_Clipboard.vcproj", "{681E01F8-FDE5-43E6-8E28-6D721A71DE6C}"
EndProject
Project("{8BC9CEB8-8B4A-11D0-8D11-00A0C91BC942}") = "DateTime", "DateTime\DateTime.vcproj", "{71B0506E-CF97-4FE3-8242-389139993D04}"
EndProject
Project("{8BC9CEB8-8B4A-11D0-8D11-00A0C91BC942}") = "DateTimeCompare", "DateTimeCompare\DateTimeCompare.vcproj", "{E922A591-F878-4C1D-82BA-4F5C9FBBDACE}"
EndProject
Global
	GlobalSection(SolutionConfigurationPlatforms) = preSolution
		Debug|Win32 = Debug|Win32
		Release|Win32 = Release|Win32
	EndGlobalSection
	GlobalSection(ProjectConfigurationPlatforms) = postSolution
		{143D0D34-1B2A-4441-B25F-AEE5DEC3C000}.Debug|Win32.ActiveCfg = Debug|Win32
		{143D0D34-1B2A-4441-B25F-AEE5DEC3C000}.Debug|Win32.Build.0 = Debug|Win32
		{143D0D34-1B2A-4441-B25F-AEE5DEC3C000}.Release|Win32.ActiveCfg = Release|Win32
		{143D0D34-1B2A-4441-B25F-AEE5DEC3C000}.Release|Win32.Build.0 = Release|Win32
		{39BFD0E6-4781-469F-BD0C-D7E37E683389}.Debug|Win32.ActiveCfg = Debug|Win32
		{39BFD0E6-4781-469F-BD0C-D7E37E683389}.Debug|Win32.Build.0 = Debug|Win32
		{39BFD0E6-4781-469F-BD0C-D7E37E683389}.Release|Win32.ActiveCfg = Release|Win32
		{39BFD0E6-4781-469F-BD0C-D7E37E683389}.Release|Win32.Build.0 = Release|Win32
		{681E01F8-FDE5-43E6-8E28-6D721A71DE6C}.Debug|Win32.ActiveCfg = Debug|Win32
		{681E01F8-FDE5-43E6-8E28-6D721A71DE6C}.Debug|Win32.Build.0 = Debug|Win32
		{681E01F8-FDE5-43E6-8E28-6D721A71DE6C}.Release|Win32.ActiveCfg = Release|Win32
		{681E01F8-FDE5-43E6-8E28-6D721A71DE6C}.Release|Win32.Build.0 = Release|Win32
		{71B0506E-CF97-4FE3-8242-389139993D04}.Debug|Win32.ActiveCfg = Debug|Win32
		{71B0506E-CF97-4FE3-8242-389139993D04}.Debug|Win32.Build.0 = Debug|Win32
		{71B0506E-CF97-4FE3-8242-389139993D04}.Release|Win32.ActiveCfg = Release|Win32
		{71B0506E-CF97-4FE3-8242-389139993D04}.Release|Win32.Build.0 = Release|Win32
		{E922A591-F878-4C1D-82BA-4F5C9FBBDACE}.Debug|Win32.ActiveCfg = Debug|Win32
		{E922A591-F878-4C1D-82BA-4F5C9FBBDACE}.Debug|Win32.Build.0 = Debug|Win32
		{E922A591-F878-4C1D-82BA-4F5C9FBBDACE}.Release|Win32.ActiveCfg = Release|Win32
		{E922A591-F878-4C1D-82BA-4F5C9FBBDACE}.Release|Win32.Build.0 = Release|Win32
	EndGlobalSection
	GlobalSection(SolutionProperties) = preSolution
		HideSolutionNode = FALSE
	EndGlobalSection
EndGlobal
